
Microsoft Visual Studio Solution File, Format Version 12.00
# Visual Studio 15
Project("{FAE04EC0-301F-11D3-BF4B-00C04F79EFBC}") = "SharpiesMafia", "SharpiesMafia\SharpiesMafia.csproj", "{40546CBB-BE62-4226-A57E-9033EB9634D2}"
EndProject
Project("{FAE04EC0-301F-11D3-BF4B-00C04F79EFBC}") = "SharpiesMafia.Tests", "SharpiesMafia.Tests\SharpiesMafia.Tests.csproj", "{5B8F63AB-79BB-48DE-8E5C-B28FF2E9F535}"
EndProject
Project("{2150E333-8FDC-42A3-9474-1A3956D46DE8}") = "Solution Items", "Solution Items", "{F9BAA8BB-BAF7-47E7-AFFC-130D44D322D7}"
EndProject
Global
	GlobalSection(SolutionConfigurationPlatforms) = preSolution
		Debug|Any CPU = Debug|Any CPU
		Release|Any CPU = Release|Any CPU
	EndGlobalSection
	GlobalSection(ProjectConfigurationPlatforms) = postSolution
		{40546CBB-BE62-4226-A57E-9033EB9634D2}.Debug|Any CPU.ActiveCfg = Debug|Any CPU
		{40546CBB-BE62-4226-A57E-9033EB9634D2}.Debug|Any CPU.Build.0 = Debug|Any CPU
		{40546CBB-BE62-4226-A57E-9033EB9634D2}.Release|Any CPU.ActiveCfg = Release|Any CPU
		{40546CBB-BE62-4226-A57E-9033EB9634D2}.Release|Any CPU.Build.0 = Release|Any CPU
		{5B8F63AB-79BB-48DE-8E5C-B28FF2E9F535}.Debug|Any CPU.ActiveCfg = Debug|Any CPU
		{5B8F63AB-79BB-48DE-8E5C-B28FF2E9F535}.Debug|Any CPU.Build.0 = Debug|Any CPU
		{5B8F63AB-79BB-48DE-8E5C-B28FF2E9F535}.Release|Any CPU.ActiveCfg = Release|Any CPU
		{5B8F63AB-79BB-48DE-8E5C-B28FF2E9F535}.Release|Any CPU.Build.0 = Release|Any CPU
	EndGlobalSection
EndGlobal
